// !$*UTF8*$!
{
	archiveVersion = 1;
	classes = {
	};
	objectVersion = 77;
	objects = {

/* Begin PBXBuildFile section */
		163F5D322E59A36C004B34CE /* Localizable.xcstrings in Resources */ = {isa = PBXBuildFile; fileRef = 163F5D312E59A36C004B34CE /* Localizable.xcstrings */; };
		163F5D492E59B237004B34CE /* LICENSE.txt in Resources */ = {isa = PBXBuildFile; fileRef = 163F5D472E59B237004B34CE /* LICENSE.txt */; };
		163F5D4A2E59B237004B34CE /* README.md in Resources */ = {isa = PBXBuildFile; fileRef = 163F5D482E59B237004B34CE /* README.md */; };
		164BC53D2E5AC94400E93007 /* AppDelegate.swift in Sources */ = {isa = PBXBuildFile; fileRef = 164BC51A2E5AC94400E93007 /* AppDelegate.swift */; };
		164BC53E2E5AC94400E93007 /* ViewController.swift in Sources */ = {isa = PBXBuildFile; fileRef = 164BC51B2E5AC94400E93007 /* ViewController.swift */; };
		164BC5402E5AC94400E93007 /* JJYAudioGenerator+Index.swift in Sources */ = {isa = PBXBuildFile; fileRef = 164BC5282E5AC94400E93007 /* JJYAudioGenerator+Index.swift */; };
		164BC5412E5AC94400E93007 /* JJYAudioGeneratorThreadSafetyTest.swift in Sources */ = {isa = PBXBuildFile; fileRef = 164BC51D2E5AC94400E93007 /* JJYAudioGeneratorThreadSafetyTest.swift */; };
		164BC5442E5AC94400E93007 /* TransmissionScheduler.swift in Sources */ = {isa = PBXBuildFile; fileRef = 164BC52C2E5AC94400E93007 /* TransmissionScheduler.swift */; };
		164BC5462E5AC94400E93007 /* AudioBufferFactory.swift in Sources */ = {isa = PBXBuildFile; fileRef = 164BC5212E5AC94400E93007 /* AudioBufferFactory.swift */; };
		164BC5472E5AC94400E93007 /* Clock.swift in Sources */ = {isa = PBXBuildFile; fileRef = 164BC52B2E5AC94400E93007 /* Clock.swift */; };
		164BC5482E5AC94400E93007 /* MorseCodeGenerator.swift in Sources */ = {isa = PBXBuildFile; fileRef = 164BC5292E5AC94400E93007 /* MorseCodeGenerator.swift */; };
		164BC5492E5AC94400E93007 /* FrameService.swift in Sources */ = {isa = PBXBuildFile; fileRef = 164BC5242E5AC94400E93007 /* FrameService.swift */; };
		164BC54A2E5AC94400E93007 /* JJYTestingExample.swift in Sources */ = {isa = PBXBuildFile; fileRef = 164BC51E2E5AC94400E93007 /* JJYTestingExample.swift */; };
		164BC54C2E5AC94400E93007 /* FrameBuilder.swift in Sources */ = {isa = PBXBuildFile; fileRef = 164BC5232E5AC94400E93007 /* FrameBuilder.swift */; };
		164BC54E2E5AC94400E93007 /* Configuration.swift in Sources */ = {isa = PBXBuildFile; fileRef = 164BC5272E5AC94400E93007 /* Configuration.swift */; };
		164BC54F2E5AC94400E93007 /* JJYAudioGenerator.swift in Sources */ = {isa = PBXBuildFile; fileRef = 164BC5262E5AC94400E93007 /* JJYAudioGenerator.swift */; };
		164BC5512E5AC94400E93007 /* AudioEngine.swift in Sources */ = {isa = PBXBuildFile; fileRef = 164BC5202E5AC94400E93007 /* AudioEngine.swift */; };
		16AA8FEB2E598B4F003D8C4F /* Main.storyboard in Resources */ = {isa = PBXBuildFile; fileRef = 16AA8FE02E598B4F003D8C4F /* Main.storyboard */; };
		16AA8FEC2E598B4F003D8C4F /* Assets.xcassets in Resources */ = {isa = PBXBuildFile; fileRef = 16AA8FD72E598B4F003D8C4F /* Assets.xcassets */; };
/* End PBXBuildFile section */

/* Begin PBXFileReference section */
		163F5D312E59A36C004B34CE /* Localizable.xcstrings */ = {isa = PBXFileReference; lastKnownFileType = text.json.xcstrings; path = Localizable.xcstrings; sourceTree = "<group>"; };
		163F5D472E59B237004B34CE /* LICENSE.txt */ = {isa = PBXFileReference; lastKnownFileType = text; path = LICENSE.txt; sourceTree = "<group>"; };
		163F5D482E59B237004B34CE /* README.md */ = {isa = PBXFileReference; lastKnownFileType = net.daringfireball.markdown; path = README.md; sourceTree = "<group>"; };
		164BC51A2E5AC94400E93007 /* AppDelegate.swift */ = {isa = PBXFileReference; lastKnownFileType = sourcecode.swift; path = AppDelegate.swift; sourceTree = "<group>"; };
		164BC51B2E5AC94400E93007 /* ViewController.swift */ = {isa = PBXFileReference; lastKnownFileType = sourcecode.swift; path = ViewController.swift; sourceTree = "<group>"; };
		164BC51D2E5AC94400E93007 /* JJYAudioGeneratorThreadSafetyTest.swift */ = {isa = PBXFileReference; lastKnownFileType = sourcecode.swift; path = JJYAudioGeneratorThreadSafetyTest.swift; sourceTree = "<group>"; };
		164BC51E2E5AC94400E93007 /* JJYTestingExample.swift */ = {isa = PBXFileReference; lastKnownFileType = sourcecode.swift; path = JJYTestingExample.swift; sourceTree = "<group>"; };
		164BC5202E5AC94400E93007 /* AudioEngine.swift */ = {isa = PBXFileReference; lastKnownFileType = sourcecode.swift; path = AudioEngine.swift; sourceTree = "<group>"; };
		164BC5212E5AC94400E93007 /* AudioBufferFactory.swift */ = {isa = PBXFileReference; lastKnownFileType = sourcecode.swift; path = AudioBufferFactory.swift; sourceTree = "<group>"; };
		164BC5232E5AC94400E93007 /* FrameBuilder.swift */ = {isa = PBXFileReference; lastKnownFileType = sourcecode.swift; path = FrameBuilder.swift; sourceTree = "<group>"; };
		164BC5242E5AC94400E93007 /* FrameService.swift */ = {isa = PBXFileReference; lastKnownFileType = sourcecode.swift; path = FrameService.swift; sourceTree = "<group>"; };
		164BC5262E5AC94400E93007 /* JJYAudioGenerator.swift */ = {isa = PBXFileReference; lastKnownFileType = sourcecode.swift; path = JJYAudioGenerator.swift; sourceTree = "<group>"; };
		164BC5272E5AC94400E93007 /* Configuration.swift */ = {isa = PBXFileReference; lastKnownFileType = sourcecode.swift; path = Configuration.swift; sourceTree = "<group>"; };
		164BC5282E5AC94400E93007 /* JJYAudioGenerator+Index.swift */ = {isa = PBXFileReference; lastKnownFileType = sourcecode.swift; path = "JJYAudioGenerator+Index.swift"; sourceTree = "<group>"; };
		164BC5292E5AC94400E93007 /* MorseCodeGenerator.swift */ = {isa = PBXFileReference; lastKnownFileType = sourcecode.swift; path = MorseCodeGenerator.swift; sourceTree = "<group>"; };
		164BC52B2E5AC94400E93007 /* Clock.swift */ = {isa = PBXFileReference; lastKnownFileType = sourcecode.swift; path = Clock.swift; sourceTree = "<group>"; };
		164BC52C2E5AC94400E93007 /* TransmissionScheduler.swift */ = {isa = PBXFileReference; lastKnownFileType = sourcecode.swift; path = TransmissionScheduler.swift; sourceTree = "<group>"; };
		168B38FE2E53F2B300F5004F /* JJYWave.app */ = {isa = PBXFileReference; explicitFileType = wrapper.application; includeInIndex = 0; path = JJYWave.app; sourceTree = BUILT_PRODUCTS_DIR; };
		16AA8FD72E598B4F003D8C4F /* Assets.xcassets */ = {isa = PBXFileReference; lastKnownFileType = folder.assetcatalog; path = Assets.xcassets; sourceTree = "<group>"; };
		16AA8FD82E598B4F003D8C4F /* JJYWave.entitlements */ = {isa = PBXFileReference; lastKnownFileType = text.plist.entitlements; path = JJYWave.entitlements; sourceTree = "<group>"; };
		16AA8FE22E598B4F003D8C4F /* Base */ = {isa = PBXFileReference; lastKnownFileType = file.storyboard; name = Base; path = Base.lproj/Main.storyboard; sourceTree = "<group>"; };
/* End PBXFileReference section */

/* Begin PBXFrameworksBuildPhase section */
		168B38FB2E53F2B300F5004F /* Frameworks */ = {
			isa = PBXFrameworksBuildPhase;
			buildActionMask = 2147483647;
			files = (
			);
			runOnlyForDeploymentPostprocessing = 0;
		};
/* End PBXFrameworksBuildPhase section */

/* Begin PBXGroup section */
		164BC51C2E5AC94400E93007 /* App */ = {
			isa = PBXGroup;
			children = (
				164BC51A2E5AC94400E93007 /* AppDelegate.swift */,
				164BC51B2E5AC94400E93007 /* ViewController.swift */,
			);
			path = App;
			sourceTree = "<group>";
		};
		164BC51F2E5AC94400E93007 /* Examples */ = {
			isa = PBXGroup;
			children = (
				164BC51D2E5AC94400E93007 /* JJYAudioGeneratorThreadSafetyTest.swift */,
				164BC51E2E5AC94400E93007 /* JJYTestingExample.swift */,
			);
			path = Examples;
			sourceTree = "<group>";
		};
		164BC5222E5AC94400E93007 /* Audio */ = {
			isa = PBXGroup;
			children = (
				164BC5202E5AC94400E93007 /* AudioEngine.swift */,
				164BC5212E5AC94400E93007 /* AudioBufferFactory.swift */,
			);
			path = Audio;
			sourceTree = "<group>";
		};
		164BC5252E5AC94400E93007 /* Frames */ = {
			isa = PBXGroup;
			children = (
				164BC5232E5AC94400E93007 /* FrameBuilder.swift */,
				164BC5242E5AC94400E93007 /* FrameService.swift */,
			);
			path = Frames;
			sourceTree = "<group>";
		};
		164BC52A2E5AC94400E93007 /* Generator */ = {
			isa = PBXGroup;
			children = (
				164BC5262E5AC94400E93007 /* JJYAudioGenerator.swift */,
				164BC5272E5AC94400E93007 /* Configuration.swift */,
				164BC5282E5AC94400E93007 /* JJYAudioGenerator+Index.swift */,
				164BC5292E5AC94400E93007 /* MorseCodeGenerator.swift */,
			);
			path = Generator;
			sourceTree = "<group>";
		};
		164BC52D2E5AC94400E93007 /* Time */ = {
			isa = PBXGroup;
			children = (
				164BC52B2E5AC94400E93007 /* Clock.swift */,
				164BC52C2E5AC94400E93007 /* TransmissionScheduler.swift */,
			);
			path = Time;
			sourceTree = "<group>";
		};
		164BC52E2E5AC94400E93007 /* JJYKit */ = {
			isa = PBXGroup;
			children = (
				164BC5222E5AC94400E93007 /* Audio */,
				164BC5252E5AC94400E93007 /* Frames */,
				164BC52A2E5AC94400E93007 /* Generator */,
				164BC52D2E5AC94400E93007 /* Time */,
			);
			path = JJYKit;
			sourceTree = "<group>";
		};
		168B38F52E53F2B300F5004F = {
			isa = PBXGroup;
			children = (
				163F5D472E59B237004B34CE /* LICENSE.txt */,
				163F5D482E59B237004B34CE /* README.md */,
				163F5D312E59A36C004B34CE /* Localizable.xcstrings */,
				16AA8FD72E598B4F003D8C4F /* Assets.xcassets */,
				16AA8FD82E598B4F003D8C4F /* JJYWave.entitlements */,
				16AA8FE02E598B4F003D8C4F /* Main.storyboard */,
				164BC51C2E5AC94400E93007 /* App */,
				164BC51F2E5AC94400E93007 /* Examples */,
				164BC52E2E5AC94400E93007 /* JJYKit */,
				168B38FF2E53F2B300F5004F /* Products */,
			);
			sourceTree = "<group>";
		};
		168B38FF2E53F2B300F5004F /* Products */ = {
			isa = PBXGroup;
			children = (
				168B38FE2E53F2B300F5004F /* JJYWave.app */,
			);
			name = Products;
			sourceTree = "<group>";
		};
/* End PBXGroup section */

/* Begin PBXNativeTarget section */
		168B38FD2E53F2B300F5004F /* JJYWave */ = {
			isa = PBXNativeTarget;
			buildConfigurationList = 168B390D2E53F2B400F5004F /* Build configuration list for PBXNativeTarget "JJYWave" */;
			buildPhases = (
				168B38FA2E53F2B300F5004F /* Sources */,
				168B38FB2E53F2B300F5004F /* Frameworks */,
				168B38FC2E53F2B300F5004F /* Resources */,
			);
			buildRules = (
			);
			dependencies = (
			);
			name = JJYWave;
			packageProductDependencies = (
			);
			productName = jjy40;
			productReference = 168B38FE2E53F2B300F5004F /* JJYWave.app */;
			productType = "com.apple.product-type.application";
		};
/* End PBXNativeTarget section */

/* Begin PBXProject section */
		168B38F62E53F2B300F5004F /* Project object */ = {
			isa = PBXProject;
			attributes = {
				BuildIndependentTargetsInParallel = 1;
				LastSwiftUpdateCheck = 1640;
				LastUpgradeCheck = 1640;
				TargetAttributes = {
					168B38FD2E53F2B300F5004F = {
						CreatedOnToolsVersion = 16.4;
					};
				};
			};
			buildConfigurationList = 168B38F92E53F2B300F5004F /* Build configuration list for PBXProject "JJYWave" */;
			developmentRegion = en;
			hasScannedForEncodings = 0;
			knownRegions = (
				en,
				Base,
			);
			mainGroup = 168B38F52E53F2B300F5004F;
			minimizedProjectReferenceProxies = 1;
			preferredProjectObjectVersion = 77;
			productRefGroup = 168B38FF2E53F2B300F5004F /* Products */;
			projectDirPath = "";
			projectRoot = "";
			targets = (
				168B38FD2E53F2B300F5004F /* JJYWave */,
			);
		};
/* End PBXProject section */

/* Begin PBXResourcesBuildPhase section */
		168B38FC2E53F2B300F5004F /* Resources */ = {
			isa = PBXResourcesBuildPhase;
			buildActionMask = 2147483647;
			files = (
				16AA8FEB2E598B4F003D8C4F /* Main.storyboard in Resources */,
				16AA8FEC2E598B4F003D8C4F /* Assets.xcassets in Resources */,
				163F5D492E59B237004B34CE /* LICENSE.txt in Resources */,
				163F5D4A2E59B237004B34CE /* README.md in Resources */,
				163F5D322E59A36C004B34CE /* Localizable.xcstrings in Resources */,
			);
			runOnlyForDeploymentPostprocessing = 0;
		};
/* End PBXResourcesBuildPhase section */

/* Begin PBXSourcesBuildPhase section */
		168B38FA2E53F2B300F5004F /* Sources */ = {
			isa = PBXSourcesBuildPhase;
			buildActionMask = 2147483647;
			files = (
				164BC53D2E5AC94400E93007 /* AppDelegate.swift in Sources */,
				164BC53E2E5AC94400E93007 /* ViewController.swift in Sources */,
				164BC5402E5AC94400E93007 /* JJYAudioGenerator+Index.swift in Sources */,
				164BC5412E5AC94400E93007 /* JJYAudioGeneratorThreadSafetyTest.swift in Sources */,
				164BC5442E5AC94400E93007 /* TransmissionScheduler.swift in Sources */,
				164BC5462E5AC94400E93007 /* AudioBufferFactory.swift in Sources */,
				164BC5472E5AC94400E93007 /* Clock.swift in Sources */,
				164BC5482E5AC94400E93007 /* MorseCodeGenerator.swift in Sources */,
				164BC5492E5AC94400E93007 /* FrameService.swift in Sources */,
				164BC54A2E5AC94400E93007 /* JJYTestingExample.swift in Sources */,
				164BC54C2E5AC94400E93007 /* FrameBuilder.swift in Sources */,
				164BC54E2E5AC94400E93007 /* Configuration.swift in Sources */,
				164BC54F2E5AC94400E93007 /* JJYAudioGenerator.swift in Sources */,
				164BC5512E5AC94400E93007 /* AudioEngine.swift in Sources */,
			);
			runOnlyForDeploymentPostprocessing = 0;
		};
/* End PBXSourcesBuildPhase section */

/* Begin PBXVariantGroup section */
		16AA8FE02E598B4F003D8C4F /* Main.storyboard */ = {
			isa = PBXVariantGroup;
			children = (
				16AA8FE22E598B4F003D8C4F /* Base */,
			);
			name = Main.storyboard;
			sourceTree = "<group>";
		};
/* End PBXVariantGroup section */

/* Begin XCBuildConfiguration section */
		168B390B2E53F2B400F5004F /* Debug */ = {
			isa = XCBuildConfiguration;
			buildSettings = {
				ALWAYS_SEARCH_USER_PATHS = NO;
				ASSETCATALOG_COMPILER_GENERATE_SWIFT_ASSET_SYMBOL_EXTENSIONS = YES;
				CLANG_ANALYZER_LOCALIZABILITY_NONLOCALIZED = YES;
				CLANG_ANALYZER_NONNULL = YES;
				CLANG_ANALYZER_NUMBER_OBJECT_CONVERSION = YES_AGGRESSIVE;
				CLANG_CXX_LANGUAGE_STANDARD = "gnu++20";
				CLANG_ENABLE_MODULES = YES;
				CLANG_ENABLE_OBJC_ARC = YES;
				CLANG_ENABLE_OBJC_WEAK = YES;
				CLANG_WARN_BLOCK_CAPTURE_AUTORELEASING = YES;
				CLANG_WARN_BOOL_CONVERSION = YES;
				CLANG_WARN_COMMA = YES;
				CLANG_WARN_CONSTANT_CONVERSION = YES;
				CLANG_WARN_DEPRECATED_OBJC_IMPLEMENTATIONS = YES;
				CLANG_WARN_DIRECT_OBJC_ISA_USAGE = YES_ERROR;
				CLANG_WARN_DOCUMENTATION_COMMENTS = YES;
				CLANG_WARN_EMPTY_BODY = YES;
				CLANG_WARN_ENUM_CONVERSION = YES;
				CLANG_WARN_INFINITE_RECURSION = YES;
				CLANG_WARN_INT_CONVERSION = YES;
				CLANG_WARN_NON_LITERAL_NULL_CONVERSION = YES;
				CLANG_WARN_OBJC_IMPLICIT_RETAIN_SELF = YES;
				CLANG_WARN_OBJC_LITERAL_CONVERSION = YES;
				CLANG_WARN_OBJC_ROOT_CLASS = YES_ERROR;
				CLANG_WARN_QUOTED_INCLUDE_IN_FRAMEWORK_HEADER = YES;
				CLANG_WARN_RANGE_LOOP_ANALYSIS = YES;
				CLANG_WARN_STRICT_PROTOTYPES = YES;
				CLANG_WARN_SUSPICIOUS_MOVE = YES;
				CLANG_WARN_UNGUARDED_AVAILABILITY = YES_AGGRESSIVE;
				CLANG_WARN_UNREACHABLE_CODE = YES;
				CLANG_WARN__DUPLICATE_METHOD_MATCH = YES;
				COPY_PHASE_STRIP = NO;
				DEBUG_INFORMATION_FORMAT = dwarf;
				DEVELOPMENT_TEAM = BV5C4YNA4Z;
				ENABLE_STRICT_OBJC_MSGSEND = YES;
				ENABLE_TESTABILITY = YES;
				ENABLE_USER_SCRIPT_SANDBOXING = YES;
				GCC_C_LANGUAGE_STANDARD = gnu17;
				GCC_DYNAMIC_NO_PIC = NO;
				GCC_NO_COMMON_BLOCKS = YES;
				GCC_OPTIMIZATION_LEVEL = 0;
				GCC_PREPROCESSOR_DEFINITIONS = (
					"DEBUG=1",
					"$(inherited)",
				);
				GCC_WARN_64_TO_32_BIT_CONVERSION = YES;
				GCC_WARN_ABOUT_RETURN_TYPE = YES_ERROR;
				GCC_WARN_UNDECLARED_SELECTOR = YES;
				GCC_WARN_UNINITIALIZED_AUTOS = YES_AGGRESSIVE;
				GCC_WARN_UNUSED_FUNCTION = YES;
				GCC_WARN_UNUSED_VARIABLE = YES;
				LOCALIZATION_PREFERS_STRING_CATALOGS = YES;
				MACOSX_DEPLOYMENT_TARGET = 15.5;
				MTL_ENABLE_DEBUG_INFO = INCLUDE_SOURCE;
				MTL_FAST_MATH = YES;
				ONLY_ACTIVE_ARCH = YES;
				SDKROOT = macosx;
				SWIFT_ACTIVE_COMPILATION_CONDITIONS = "DEBUG $(inherited)";
				SWIFT_EMIT_LOC_STRINGS = YES;
				SWIFT_OPTIMIZATION_LEVEL = "-Onone";
			};
			name = Debug;
		};
		168B390C2E53F2B400F5004F /* Release */ = {
			isa = XCBuildConfiguration;
			buildSettings = {
				ALWAYS_SEARCH_USER_PATHS = NO;
				ASSETCATALOG_COMPILER_GENERATE_SWIFT_ASSET_SYMBOL_EXTENSIONS = YES;
				CLANG_ANALYZER_LOCALIZABILITY_NONLOCALIZED = YES;
				CLANG_ANALYZER_NONNULL = YES;
				CLANG_ANALYZER_NUMBER_OBJECT_CONVERSION = YES_AGGRESSIVE;
				CLANG_CXX_LANGUAGE_STANDARD = "gnu++20";
				CLANG_ENABLE_MODULES = YES;
				CLANG_ENABLE_OBJC_ARC = YES;
				CLANG_ENABLE_OBJC_WEAK = YES;
				CLANG_WARN_BLOCK_CAPTURE_AUTORELEASING = YES;
				CLANG_WARN_BOOL_CONVERSION = YES;
				CLANG_WARN_COMMA = YES;
				CLANG_WARN_CONSTANT_CONVERSION = YES;
				CLANG_WARN_DEPRECATED_OBJC_IMPLEMENTATIONS = YES;
				CLANG_WARN_DIRECT_OBJC_ISA_USAGE = YES_ERROR;
				CLANG_WARN_DOCUMENTATION_COMMENTS = YES;
				CLANG_WARN_EMPTY_BODY = YES;
				CLANG_WARN_ENUM_CONVERSION = YES;
				CLANG_WARN_INFINITE_RECURSION = YES;
				CLANG_WARN_INT_CONVERSION = YES;
				CLANG_WARN_NON_LITERAL_NULL_CONVERSION = YES;
				CLANG_WARN_OBJC_IMPLICIT_RETAIN_SELF = YES;
				CLANG_WARN_OBJC_LITERAL_CONVERSION = YES;
				CLANG_WARN_OBJC_ROOT_CLASS = YES_ERROR;
				CLANG_WARN_QUOTED_INCLUDE_IN_FRAMEWORK_HEADER = YES;
				CLANG_WARN_RANGE_LOOP_ANALYSIS = YES;
				CLANG_WARN_STRICT_PROTOTYPES = YES;
				CLANG_WARN_SUSPICIOUS_MOVE = YES;
				CLANG_WARN_UNGUARDED_AVAILABILITY = YES_AGGRESSIVE;
				CLANG_WARN_UNREACHABLE_CODE = YES;
				CLANG_WARN__DUPLICATE_METHOD_MATCH = YES;
				COPY_PHASE_STRIP = NO;
				DEBUG_INFORMATION_FORMAT = "dwarf-with-dsym";
				DEVELOPMENT_TEAM = BV5C4YNA4Z;
				ENABLE_NS_ASSERTIONS = NO;
				ENABLE_STRICT_OBJC_MSGSEND = YES;
				ENABLE_USER_SCRIPT_SANDBOXING = YES;
				GCC_C_LANGUAGE_STANDARD = gnu17;
				GCC_NO_COMMON_BLOCKS = YES;
				GCC_WARN_64_TO_32_BIT_CONVERSION = YES;
				GCC_WARN_ABOUT_RETURN_TYPE = YES_ERROR;
				GCC_WARN_UNDECLARED_SELECTOR = YES;
				GCC_WARN_UNINITIALIZED_AUTOS = YES_AGGRESSIVE;
				GCC_WARN_UNUSED_FUNCTION = YES;
				GCC_WARN_UNUSED_VARIABLE = YES;
				LOCALIZATION_PREFERS_STRING_CATALOGS = YES;
				MACOSX_DEPLOYMENT_TARGET = 15.5;
				MTL_ENABLE_DEBUG_INFO = NO;
				MTL_FAST_MATH = YES;
				SDKROOT = macosx;
				SWIFT_COMPILATION_MODE = wholemodule;
				SWIFT_EMIT_LOC_STRINGS = YES;
			};
			name = Release;
		};
		168B390E2E53F2B400F5004F /* Debug */ = {
			isa = XCBuildConfiguration;
			buildSettings = {
				ASSETCATALOG_COMPILER_APPICON_NAME = AppIcon;
				ASSETCATALOG_COMPILER_GLOBAL_ACCENT_COLOR_NAME = AccentColor;
				CODE_SIGN_ENTITLEMENTS = JJYWave.entitlements;
				CODE_SIGN_STYLE = Automatic;
				COMBINE_HIDPI_IMAGES = YES;
				CURRENT_PROJECT_VERSION = 1;
				DEVELOPMENT_TEAM = BV5C4YNA4Z;
				ENABLE_HARDENED_RUNTIME = YES;
				GENERATE_INFOPLIST_FILE = YES;
				INFOPLIST_KEY_NSHumanReadableCopyright = "";
				INFOPLIST_KEY_NSMainStoryboardFile = Main;
				INFOPLIST_KEY_NSPrincipalClass = NSApplication;
				LD_RUNPATH_SEARCH_PATHS = (
					"$(inherited)",
					"@executable_path/../Frameworks",
				);
				MARKETING_VERSION = 1.0;
				PRODUCT_BUNDLE_IDENTIFIER = com.MyCometG3.jjy40;
				PRODUCT_NAME = "$(TARGET_NAME)";
				REGISTER_APP_GROUPS = YES;
				SWIFT_EMIT_LOC_STRINGS = YES;
				SWIFT_VERSION = 5.0;
			};
			name = Debug;
		};
		168B390F2E53F2B400F5004F /* Release */ = {
			isa = XCBuildConfiguration;
			buildSettings = {
				ASSETCATALOG_COMPILER_APPICON_NAME = AppIcon;
				ASSETCATALOG_COMPILER_GLOBAL_ACCENT_COLOR_NAME = AccentColor;
				CODE_SIGN_ENTITLEMENTS = JJYWave.entitlements;
				CODE_SIGN_STYLE = Automatic;
				COMBINE_HIDPI_IMAGES = YES;
				CURRENT_PROJECT_VERSION = 1;
				DEVELOPMENT_TEAM = BV5C4YNA4Z;
				ENABLE_HARDENED_RUNTIME = YES;
				GENERATE_INFOPLIST_FILE = YES;
				INFOPLIST_KEY_NSHumanReadableCopyright = "";
				INFOPLIST_KEY_NSMainStoryboardFile = Main;
				INFOPLIST_KEY_NSPrincipalClass = NSApplication;
				LD_RUNPATH_SEARCH_PATHS = (
					"$(inherited)",
					"@executable_path/../Frameworks",
				);
				MARKETING_VERSION = 1.0;
				PRODUCT_BUNDLE_IDENTIFIER = com.MyCometG3.jjy40;
				PRODUCT_NAME = "$(TARGET_NAME)";
				REGISTER_APP_GROUPS = YES;
				SWIFT_EMIT_LOC_STRINGS = YES;
				SWIFT_VERSION = 5.0;
			};
			name = Release;
		};
/* End XCBuildConfiguration section */

/* Begin XCConfigurationList section */
		168B38F92E53F2B300F5004F /* Build configuration list for PBXProject "JJYWave" */ = {
			isa = XCConfigurationList;
			buildConfigurations = (
				168B390B2E53F2B400F5004F /* Debug */,
				168B390C2E53F2B400F5004F /* Release */,
			);
			defaultConfigurationIsVisible = 0;
			defaultConfigurationName = Release;
		};
		168B390D2E53F2B400F5004F /* Build configuration list for PBXNativeTarget "JJYWave" */ = {
			isa = XCConfigurationList;
			buildConfigurations = (
				168B390E2E53F2B400F5004F /* Debug */,
				168B390F2E53F2B400F5004F /* Release */,
			);
			defaultConfigurationIsVisible = 0;
			defaultConfigurationName = Release;
		};
/* End XCConfigurationList section */
	};
	rootObject = 168B38F62E53F2B300F5004F /* Project object */;
}
